// !$*UTF8*$!
{
	archiveVersion = 1;
	classes = {
	};
	objectVersion = 45;
	objects = {

/* Begin PBXBuildFile section */
		1DDD58160DA1D0A300B32029 /* MainMenu.xib in Resources */ = {isa = PBXBuildFile; fileRef = 1DDD58140DA1D0A300B32029 /* MainMenu.xib */; };
		256AC3DA0F4B6AC300CF3369 /* WarpAppDelegate.mm in Sources */ = {isa = PBXBuildFile; fileRef = 256AC3D90F4B6AC300CF3369 /* WarpAppDelegate.mm */; };
		4C12929B123D1ED80080D294 /* Carbon.framework in Frameworks */ = {isa = PBXBuildFile; fileRef = 4C12929A123D1ED80080D294 /* Carbon.framework */; };
		4C131D2D123D6628003B8BB1 /* menu.png in Resources */ = {isa = PBXBuildFile; fileRef = 4C131D2C123D6628003B8BB1 /* menu.png */; };
		4C2E715A124893D000A214C8 /* StatusMenu.mm in Sources */ = {isa = PBXBuildFile; fileRef = 4C2E7159124893D000A214C8 /* StatusMenu.mm */; };
		4C3C8FC2125A803F009A11CB /* Client.cpp in Sources */ = {isa = PBXBuildFile; fileRef = 4C3C8FB8125A803F009A11CB /* Client.cpp */; };
		4C3C8FC3125A803F009A11CB /* Exit.cpp in Sources */ = {isa = PBXBuildFile; fileRef = 4C3C8FBB125A803F009A11CB /* Exit.cpp */; };
		4C5FB8D012578CE500923183 /* Entrance.mm in Sources */ = {isa = PBXBuildFile; fileRef = 4C5FB8CF12578CE500923183 /* Entrance.mm */; };
		4C98CCE8123B740200F0F544 /* MainView.mm in Sources */ = {isa = PBXBuildFile; fileRef = 4C98CCE7123B740200F0F544 /* MainView.mm */; };
		4CCF9540123CF1DC00EE0530 /* bezel.png in Resources */ = {isa = PBXBuildFile; fileRef = 4CCF953F123CF1DC00EE0530 /* bezel.png */; };
		4CCF956B123CF3C800EE0530 /* BezelWindow.mm in Sources */ = {isa = PBXBuildFile; fileRef = 4CCF956A123CF3C800EE0530 /* BezelWindow.mm */; };
		4CF7E5481240F40200F7307C /* icon.png in Resources */ = {isa = PBXBuildFile; fileRef = 4CF7E5471240F40200F7307C /* icon.png */; };
		4CF7E56C1240F54000F7307C /* ship.png in Resources */ = {isa = PBXBuildFile; fileRef = 4CF7E56B1240F54000F7307C /* ship.png */; };
		4CF7E59D1240F71500F7307C /* icon.icns in Resources */ = {isa = PBXBuildFile; fileRef = 4CF7E59C1240F71500F7307C /* icon.icns */; };
		8D11072B0486CEB800E47090 /* InfoPlist.strings in Resources */ = {isa = PBXBuildFile; fileRef = 089C165CFE840E0CC02AAC07 /* InfoPlist.strings */; };
		8D11072D0486CEB800E47090 /* main.mm in Sources */ = {isa = PBXBuildFile; fileRef = 29B97316FDCFA39411CA2CEA /* main.mm */; settings = {ATTRIBUTES = (); }; };
		8D11072F0486CEB800E47090 /* Cocoa.framework in Frameworks */ = {isa = PBXBuildFile; fileRef = 1058C7A1FEA54F0111CA2CBB /* Cocoa.framework */; };
/* End PBXBuildFile section */

/* Begin PBXFileReference section */
		089C165DFE840E0CC02AAC07 /* English */ = {isa = PBXFileReference; fileEncoding = 4; lastKnownFileType = text.plist.strings; name = English; path = English.lproj/InfoPlist.strings; sourceTree = "<group>"; };
		1058C7A1FEA54F0111CA2CBB /* Cocoa.framework */ = {isa = PBXFileReference; lastKnownFileType = wrapper.framework; name = Cocoa.framework; path = /System/Library/Frameworks/Cocoa.framework; sourceTree = "<absolute>"; };
		13E42FB307B3F0F600E4EEF1 /* CoreData.framework */ = {isa = PBXFileReference; lastKnownFileType = wrapper.framework; name = CoreData.framework; path = /System/Library/Frameworks/CoreData.framework; sourceTree = "<absolute>"; };
		1DDD58150DA1D0A300B32029 /* English */ = {isa = PBXFileReference; lastKnownFileType = file.xib; name = English; path = English.lproj/MainMenu.xib; sourceTree = "<group>"; };
		256AC3D80F4B6AC300CF3369 /* WarpAppDelegate.h */ = {isa = PBXFileReference; fileEncoding = 4; lastKnownFileType = sourcecode.c.h; path = WarpAppDelegate.h; sourceTree = "<group>"; };
		256AC3D90F4B6AC300CF3369 /* WarpAppDelegate.mm */ = {isa = PBXFileReference; fileEncoding = 4; lastKnownFileType = sourcecode.cpp.objcpp; path = WarpAppDelegate.mm; sourceTree = "<group>"; };
		256AC3F00F4B6AF500CF3369 /* warp_Prefix.pch */ = {isa = PBXFileReference; fileEncoding = 4; lastKnownFileType = sourcecode.c.h; path = warp_Prefix.pch; sourceTree = "<group>"; };
		29B97316FDCFA39411CA2CEA /* main.mm */ = {isa = PBXFileReference; fileEncoding = 4; lastKnownFileType = sourcecode.cpp.objcpp; path = main.mm; sourceTree = "<group>"; };
		29B97324FDCFA39411CA2CEA /* AppKit.framework */ = {isa = PBXFileReference; lastKnownFileType = wrapper.framework; name = AppKit.framework; path = /System/Library/Frameworks/AppKit.framework; sourceTree = "<absolute>"; };
		29B97325FDCFA39411CA2CEA /* Foundation.framework */ = {isa = PBXFileReference; lastKnownFileType = wrapper.framework; name = Foundation.framework; path = /System/Library/Frameworks/Foundation.framework; sourceTree = "<absolute>"; };
		4C12929A123D1ED80080D294 /* Carbon.framework */ = {isa = PBXFileReference; lastKnownFileType = wrapper.framework; name = Carbon.framework; path = System/Library/Frameworks/Carbon.framework; sourceTree = SDKROOT; };
		4C131D2C123D6628003B8BB1 /* menu.png */ = {isa = PBXFileReference; lastKnownFileType = image.png; path = menu.png; sourceTree = "<group>"; };
		4C2E7158124893D000A214C8 /* StatusMenu.h */ = {isa = PBXFileReference; fileEncoding = 4; lastKnownFileType = sourcecode.c.h; path = StatusMenu.h; sourceTree = "<group>"; };
		4C2E7159124893D000A214C8 /* StatusMenu.mm */ = {isa = PBXFileReference; fileEncoding = 4; lastKnownFileType = sourcecode.cpp.objcpp; path = StatusMenu.mm; sourceTree = "<group>"; };
		4C3C8FB8125A803F009A11CB /* Client.cpp */ = {isa = PBXFileReference; fileEncoding = 4; lastKnownFileType = sourcecode.cpp.cpp; name = Client.cpp; path = ../shared/Client.cpp; sourceTree = SOURCE_ROOT; };
		4C3C8FB9125A803F009A11CB /* Client.h */ = {isa = PBXFileReference; fileEncoding = 4; lastKnownFileType = sourcecode.c.h; name = Client.h; path = ../shared/Client.h; sourceTree = SOURCE_ROOT; };
		4C3C8FBA125A803F009A11CB /* Constants.hpp */ = {isa = PBXFileReference; fileEncoding = 4; lastKnownFileType = sourcecode.cpp.h; name = Constants.hpp; path = ../shared/Constants.hpp; sourceTree = SOURCE_ROOT; };
		4C3C8FBB125A803F009A11CB /* Exit.cpp */ = {isa = PBXFileReference; fileEncoding = 4; lastKnownFileType = sourcecode.cpp.cpp; name = Exit.cpp; path = ../shared/Exit.cpp; sourceTree = SOURCE_ROOT; };
		4C3C8FBC125A803F009A11CB /* Exit.h */ = {isa = PBXFileReference; fileEncoding = 4; lastKnownFileType = sourcecode.c.h; name = Exit.h; path = ../shared/Exit.h; sourceTree = SOURCE_ROOT; };
		4C3C8FBD125A803F009A11CB /* IClientCommand.h */ = {isa = PBXFileReference; fileEncoding = 4; lastKnownFileType = sourcecode.c.h; name = IClientCommand.h; path = ../shared/IClientCommand.h; sourceTree = SOURCE_ROOT; };
		4C3C8FBE125A803F009A11CB /* IExitCommand.hpp */ = {isa = PBXFileReference; fileEncoding = 4; lastKnownFileType = sourcecode.cpp.h; name = IExitCommand.hpp; path = ../shared/IExitCommand.hpp; sourceTree = SOURCE_ROOT; };
		4C3C8FBF125A803F009A11CB /* ISocket.hpp */ = {isa = PBXFileReference; fileEncoding = 4; lastKnownFileType = sourcecode.cpp.h; name = ISocket.hpp; path = ../shared/ISocket.hpp; sourceTree = SOURCE_ROOT; };
		4C3C8FC0125A803F009A11CB /* Message.h */ = {isa = PBXFileReference; fileEncoding = 4; lastKnownFileType = sourcecode.c.h; name = Message.h; path = ../shared/Message.h; sourceTree = SOURCE_ROOT; };
		4C3C8FC1125A803F009A11CB /* NixSocket.h */ = {isa = PBXFileReference; fileEncoding = 4; lastKnownFileType = sourcecode.c.h; name = NixSocket.h; path = ../shared/NixSocket.h; sourceTree = SOURCE_ROOT; };
		4C5FB8CF12578CE500923183 /* Entrance.mm */ = {isa = PBXFileReference; fileEncoding = 4; lastKnownFileType = sourcecode.cpp.objcpp; path = Entrance.mm; sourceTree = "<group>"; };
		4C652981125BE01300C445B7 /* KeyCodes.hpp */ = {isa = PBXFileReference; fileEncoding = 4; lastKnownFileType = sourcecode.cpp.h; name = KeyCodes.hpp; path = ../shared/KeyCodes.hpp; sourceTree = SOURCE_ROOT; };
		4C98CCE6123B740200F0F544 /* MainView.h */ = {isa = PBXFileReference; fileEncoding = 4; lastKnownFileType = sourcecode.c.h; path = MainView.h; sourceTree = "<group>"; };
		4C98CCE7123B740200F0F544 /* MainView.mm */ = {isa = PBXFileReference; fileEncoding = 4; lastKnownFileType = sourcecode.cpp.objcpp; path = MainView.mm; sourceTree = "<group>"; };
		4CA0904F12474A4E00E6A4FD /* Time.h */ = {isa = PBXFileReference; fileEncoding = 4; lastKnownFileType = sourcecode.c.h; path = Time.h; sourceTree = "<group>"; };
		4CB7DD8D123F5D56009E454C /* Entrance.h */ = {isa = PBXFileReference; fileEncoding = 4; lastKnownFileType = sourcecode.c.h; path = Entrance.h; sourceTree = "<group>"; };
		4CCF953F123CF1DC00EE0530 /* bezel.png */ = {isa = PBXFileReference; lastKnownFileType = image.png; path = bezel.png; sourceTree = "<group>"; };
		4CCF9569123CF3C800EE0530 /* BezelWindow.h */ = {isa = PBXFileReference; fileEncoding = 4; lastKnownFileType = sourcecode.c.h; path = BezelWindow.h; sourceTree = "<group>"; };
		4CCF956A123CF3C800EE0530 /* BezelWindow.mm */ = {isa = PBXFileReference; fileEncoding = 4; lastKnownFileType = sourcecode.cpp.objcpp; path = BezelWindow.mm; sourceTree = "<group>"; };
		4CDBE5D3125920F700322E76 /* OSXExitCommands.hpp */ = {isa = PBXFileReference; fileEncoding = 4; lastKnownFileType = sourcecode.cpp.h; path = OSXExitCommands.hpp; sourceTree = "<group>"; };
		4CF7E5471240F40200F7307C /* icon.png */ = {isa = PBXFileReference; lastKnownFileType = image.png; path = icon.png; sourceTree = "<group>"; };
		4CF7E56B1240F54000F7307C /* ship.png */ = {isa = PBXFileReference; lastKnownFileType = image.png; path = ship.png; sourceTree = "<group>"; };
		4CF7E59C1240F71500F7307C /* icon.icns */ = {isa = PBXFileReference; lastKnownFileType = image.icns; path = icon.icns; sourceTree = "<group>"; };
		8D1107310486CEB800E47090 /* warp-Info.plist */ = {isa = PBXFileReference; fileEncoding = 4; lastKnownFileType = text.plist.xml; path = "warp-Info.plist"; sourceTree = "<group>"; };
		8D1107320486CEB800E47090 /* warp.app */ = {isa = PBXFileReference; explicitFileType = wrapper.application; includeInIndex = 0; path = warp.app; sourceTree = BUILT_PRODUCTS_DIR; };
/* End PBXFileReference section */

/* Begin PBXFrameworksBuildPhase section */
		8D11072E0486CEB800E47090 /* Frameworks */ = {
			isa = PBXFrameworksBuildPhase;
			buildActionMask = 2147483647;
			files = (
				8D11072F0486CEB800E47090 /* Cocoa.framework in Frameworks */,
				4C12929B123D1ED80080D294 /* Carbon.framework in Frameworks */,
			);
			runOnlyForDeploymentPostprocessing = 0;
		};
/* End PBXFrameworksBuildPhase section */

/* Begin PBXGroup section */
		080E96DDFE201D6D7F000001 /* Classes */ = {
			isa = PBXGroup;
			children = (
				4CBAFA6B124207AC00C5C338 /* UI */,
				4CB886D51240A557004FB87E /* Common */,
				4CB886D41240A54E004FB87E /* Exit */,
				4CB886D31240A542004FB87E /* Entrance */,
				256AC3D80F4B6AC300CF3369 /* WarpAppDelegate.h */,
				256AC3D90F4B6AC300CF3369 /* WarpAppDelegate.mm */,
			);
			name = Classes;
			sourceTree = "<group>";
		};
		1058C7A0FEA54F0111CA2CBB /* Linked Frameworks */ = {
			isa = PBXGroup;
			children = (
				1058C7A1FEA54F0111CA2CBB /* Cocoa.framework */,
				4C12929A123D1ED80080D294 /* Carbon.framework */,
			);
			name = "Linked Frameworks";
			sourceTree = "<group>";
		};
		1058C7A2FEA54F0111CA2CBB /* Other Frameworks */ = {
			isa = PBXGroup;
			children = (
				29B97324FDCFA39411CA2CEA /* AppKit.framework */,
				13E42FB307B3F0F600E4EEF1 /* CoreData.framework */,
				29B97325FDCFA39411CA2CEA /* Foundation.framework */,
			);
			name = "Other Frameworks";
			sourceTree = "<group>";
		};
		19C28FACFE9D520D11CA2CBB /* Products */ = {
			isa = PBXGroup;
			children = (
				8D1107320486CEB800E47090 /* warp.app */,
			);
			name = Products;
			sourceTree = "<group>";
		};
		29B97314FDCFA39411CA2CEA /* warp */ = {
			isa = PBXGroup;
			children = (
				080E96DDFE201D6D7F000001 /* Classes */,
				29B97315FDCFA39411CA2CEA /* Other Sources */,
				29B97317FDCFA39411CA2CEA /* Resources */,
				29B97323FDCFA39411CA2CEA /* Frameworks */,
				19C28FACFE9D520D11CA2CBB /* Products */,
			);
			name = warp;
			sourceTree = "<group>";
		};
		29B97315FDCFA39411CA2CEA /* Other Sources */ = {
			isa = PBXGroup;
			children = (
				256AC3F00F4B6AF500CF3369 /* warp_Prefix.pch */,
				29B97316FDCFA39411CA2CEA /* main.mm */,
			);
			name = "Other Sources";
			sourceTree = "<group>";
		};
		29B97317FDCFA39411CA2CEA /* Resources */ = {
			isa = PBXGroup;
			children = (
				4CF7E59C1240F71500F7307C /* icon.icns */,
				4CF7E56B1240F54000F7307C /* ship.png */,
				4CF7E5471240F40200F7307C /* icon.png */,
				4C131D2C123D6628003B8BB1 /* menu.png */,
				4CCF953F123CF1DC00EE0530 /* bezel.png */,
				8D1107310486CEB800E47090 /* warp-Info.plist */,
				089C165CFE840E0CC02AAC07 /* InfoPlist.strings */,
				1DDD58140DA1D0A300B32029 /* MainMenu.xib */,
			);
			name = Resources;
			sourceTree = "<group>";
		};
		29B97323FDCFA39411CA2CEA /* Frameworks */ = {
			isa = PBXGroup;
			children = (
				1058C7A0FEA54F0111CA2CBB /* Linked Frameworks */,
				1058C7A2FEA54F0111CA2CBB /* Other Frameworks */,
			);
			name = Frameworks;
			sourceTree = "<group>";
		};
		4CB886D31240A542004FB87E /* Entrance */ = {
			isa = PBXGroup;
			children = (
				4C3C8FB8125A803F009A11CB /* Client.cpp */,
				4C3C8FB9125A803F009A11CB /* Client.h */,
				4C3C8FBD125A803F009A11CB /* IClientCommand.h */,
				4CB7DD8D123F5D56009E454C /* Entrance.h */,
				4C5FB8CF12578CE500923183 /* Entrance.mm */,
			);
			name = Entrance;
			sourceTree = "<group>";
		};
		4CB886D41240A54E004FB87E /* Exit */ = {
			isa = PBXGroup;
			children = (
				4C3C8FBC125A803F009A11CB /* Exit.h */,
				4C3C8FBB125A803F009A11CB /* Exit.cpp */,
				4C3C8FBE125A803F009A11CB /* IExitCommand.hpp */,
				4CDBE5D3125920F700322E76 /* OSXExitCommands.hpp */,
			);
			name = Exit;
			sourceTree = "<group>";
		};
		4CB886D51240A557004FB87E /* Common */ = {
			isa = PBXGroup;
			children = (
				4C652981125BE01300C445B7 /* KeyCodes.hpp */,
				4C3C8FBA125A803F009A11CB /* Constants.hpp */,
				4C3C8FBF125A803F009A11CB /* ISocket.hpp */,
				4C3C8FC0125A803F009A11CB /* Message.h */,
				4C3C8FC1125A803F009A11CB /* NixSocket.h */,
				4CA0904F12474A4E00E6A4FD /* Time.h */,
			);
			name = Common;
			sourceTree = "<group>";
		};
		4CBAFA6B124207AC00C5C338 /* UI */ = {
			isa = PBXGroup;
			children = (
				4C98CCE6123B740200F0F544 /* MainView.h */,
				4C98CCE7123B740200F0F544 /* MainView.mm */,
				4CCF9569123CF3C800EE0530 /* BezelWindow.h */,
				4CCF956A123CF3C800EE0530 /* BezelWindow.mm */,
				4C2E7158124893D000A214C8 /* StatusMenu.h */,
				4C2E7159124893D000A214C8 /* StatusMenu.mm */,
			);
			name = UI;
			sourceTree = "<group>";
		};
/* End PBXGroup section */

/* Begin PBXNativeTarget section */
		8D1107260486CEB800E47090 /* warp */ = {
			isa = PBXNativeTarget;
			buildConfigurationList = C01FCF4A08A954540054247B /* Build configuration list for PBXNativeTarget "warp" */;
			buildPhases = (
				8D1107290486CEB800E47090 /* Resources */,
				8D11072C0486CEB800E47090 /* Sources */,
				8D11072E0486CEB800E47090 /* Frameworks */,
				4CA0906612474ADF00E6A4FD /* ShellScript */,
			);
			buildRules = (
			);
			dependencies = (
			);
			name = warp;
			productInstallPath = "$(HOME)/Applications";
			productName = warp;
			productReference = 8D1107320486CEB800E47090 /* warp.app */;
			productType = "com.apple.product-type.application";
		};
/* End PBXNativeTarget section */

/* Begin PBXProject section */
		29B97313FDCFA39411CA2CEA /* Project object */ = {
			isa = PBXProject;
			buildConfigurationList = C01FCF4E08A954540054247B /* Build configuration list for PBXProject "warp" */;
			compatibilityVersion = "Xcode 3.1";
			hasScannedForEncodings = 1;
			mainGroup = 29B97314FDCFA39411CA2CEA /* warp */;
			projectDirPath = "";
			projectRoot = "";
			targets = (
				8D1107260486CEB800E47090 /* warp */,
			);
		};
/* End PBXProject section */

/* Begin PBXResourcesBuildPhase section */
		8D1107290486CEB800E47090 /* Resources */ = {
			isa = PBXResourcesBuildPhase;
			buildActionMask = 2147483647;
			files = (
				8D11072B0486CEB800E47090 /* InfoPlist.strings in Resources */,
				1DDD58160DA1D0A300B32029 /* MainMenu.xib in Resources */,
				4CCF9540123CF1DC00EE0530 /* bezel.png in Resources */,
				4C131D2D123D6628003B8BB1 /* menu.png in Resources */,
				4CF7E5481240F40200F7307C /* icon.png in Resources */,
				4CF7E56C1240F54000F7307C /* ship.png in Resources */,
				4CF7E59D1240F71500F7307C /* icon.icns in Resources */,
			);
			runOnlyForDeploymentPostprocessing = 0;
		};
/* End PBXResourcesBuildPhase section */

/* Begin PBXShellScriptBuildPhase section */
		4CA0906612474ADF00E6A4FD /* ShellScript */ = {
			isa = PBXShellScriptBuildPhase;
			buildActionMask = 12;
			files = (
			);
			inputPaths = (
			);
			outputPaths = (
			);
			runOnlyForDeploymentPostprocessing = 0;
			shellPath = /bin/sh;
			shellScript = "cd build/$CONFIGURATION && tar -cvzf warp.tar.gz warp.app";
		};
/* End PBXShellScriptBuildPhase section */

/* Begin PBXSourcesBuildPhase section */
		8D11072C0486CEB800E47090 /* Sources */ = {
			isa = PBXSourcesBuildPhase;
			buildActionMask = 2147483647;
			files = (
				8D11072D0486CEB800E47090 /* main.mm in Sources */,
				256AC3DA0F4B6AC300CF3369 /* WarpAppDelegate.mm in Sources */,
				4C98CCE8123B740200F0F544 /* MainView.mm in Sources */,
				4CCF956B123CF3C800EE0530 /* BezelWindow.mm in Sources */,
				4C2E715A124893D000A214C8 /* StatusMenu.mm in Sources */,
				4C5FB8D012578CE500923183 /* Entrance.mm in Sources */,
				4C3C8FC2125A803F009A11CB /* Client.cpp in Sources */,
				4C3C8FC3125A803F009A11CB /* Exit.cpp in Sources */,
			);
			runOnlyForDeploymentPostprocessing = 0;
		};
/* End PBXSourcesBuildPhase section */

/* Begin PBXVariantGroup section */
		089C165CFE840E0CC02AAC07 /* InfoPlist.strings */ = {
			isa = PBXVariantGroup;
			children = (
				089C165DFE840E0CC02AAC07 /* English */,
			);
			name = InfoPlist.strings;
			sourceTree = "<group>";
		};
		1DDD58140DA1D0A300B32029 /* MainMenu.xib */ = {
			isa = PBXVariantGroup;
			children = (
				1DDD58150DA1D0A300B32029 /* English */,
			);
			name = MainMenu.xib;
			sourceTree = "<group>";
		};
/* End PBXVariantGroup section */

/* Begin XCBuildConfiguration section */
		4CA0906212474ACE00E6A4FD /* Distribution */ = {
			isa = XCBuildConfiguration;
			buildSettings = {
				ARCHS = "$(ARCHS_STANDARD_32_64_BIT)";
				GCC_C_LANGUAGE_STANDARD = gnu99;
				GCC_WARN_ABOUT_RETURN_TYPE = YES;
				GCC_WARN_UNUSED_VARIABLE = YES;
				PREBINDING = NO;
				SDKROOT = macosx10.6;
				VALID_ARCHS = i386;
			};
			name = Distribution;
		};
		4CA0906312474ACE00E6A4FD /* Distribution */ = {
			isa = XCBuildConfiguration;
			buildSettings = {
				ALWAYS_SEARCH_USER_PATHS = NO;
				DEBUG_INFORMATION_FORMAT = "dwarf-with-dsym";
				GCC_MODEL_TUNING = G5;
				GCC_PRECOMPILE_PREFIX_HEADER = YES;
				GCC_PREFIX_HEADER = warp_Prefix.pch;
				INFOPLIST_FILE = "warp-Info.plist";
				INSTALL_PATH = "$(HOME)/Applications";
				PRODUCT_NAME = warp;
			};
			name = Distribution;
		};
		C01FCF4B08A954540054247B /* Debug */ = {
			isa = XCBuildConfiguration;
			buildSettings = {
				ALWAYS_SEARCH_USER_PATHS = NO;
				COPY_PHASE_STRIP = NO;
				GCC_DYNAMIC_NO_PIC = NO;
				GCC_ENABLE_FIX_AND_CONTINUE = YES;
				GCC_MODEL_TUNING = G5;
				GCC_OPTIMIZATION_LEVEL = 0;
				GCC_PRECOMPILE_PREFIX_HEADER = YES;
				GCC_PREFIX_HEADER = warp_Prefix.pch;
				INFOPLIST_FILE = "warp-Info.plist";
				INSTALL_PATH = "$(HOME)/Applications";
				PRODUCT_NAME = warp;
			};
			name = Debug;
		};
		C01FCF4C08A954540054247B /* Release */ = {
			isa = XCBuildConfiguration;
			buildSettings = {
				ALWAYS_SEARCH_USER_PATHS = NO;
				DEBUG_INFORMATION_FORMAT = "dwarf-with-dsym";
				GCC_MODEL_TUNING = G5;
				GCC_PRECOMPILE_PREFIX_HEADER = YES;
				GCC_PREFIX_HEADER = warp_Prefix.pch;
				INFOPLIST_FILE = "warp-Info.plist";
				INSTALL_PATH = "$(HOME)/Applications";
				PRODUCT_NAME = warp;
			};
			name = Release;
		};
		C01FCF4F08A954540054247B /* Debug */ = {
			isa = XCBuildConfiguration;
			buildSettings = {
				ARCHS = "$(ARCHS_STANDARD_32_64_BIT)";
				GCC_C_LANGUAGE_STANDARD = gnu99;
				GCC_OPTIMIZATION_LEVEL = 0;
				GCC_WARN_ABOUT_RETURN_TYPE = YES;
				GCC_WARN_UNUSED_VARIABLE = YES;
				ONLY_ACTIVE_ARCH = YES;
				PREBINDING = NO;
				SDKROOT = macosx10.6;
			};
			name = Debug;
		};
		C01FCF5008A954540054247B /* Release */ = {
			isa = XCBuildConfiguration;
			buildSettings = {
				ARCHS = "$(ARCHS_STANDARD_32_64_BIT)";
				GCC_C_LANGUAGE_STANDARD = gnu99;
				GCC_WARN_ABOUT_RETURN_TYPE = YES;
				GCC_WARN_UNUSED_VARIABLE = YES;
				PREBINDING = NO;
				SDKROOT = macosx10.6;
			};
			name = Release;
		};
/* End XCBuildConfiguration section */

/* Begin XCConfigurationList section */
		C01FCF4A08A954540054247B /* Build configuration list for PBXNativeTarget "warp" */ = {
			isa = XCConfigurationList;
			buildConfigurations = (
				C01FCF4B08A954540054247B /* Debug */,
				C01FCF4C08A954540054247B /* Release */,
				4CA0906312474ACE00E6A4FD /* Distribution */,
			);
			defaultConfigurationIsVisible = 0;
			defaultConfigurationName = Release;
		};
		C01FCF4E08A954540054247B /* Build configuration list for PBXProject "warp" */ = {
			isa = XCConfigurationList;
			buildConfigurations = (
				C01FCF4F08A954540054247B /* Debug */,
				C01FCF5008A954540054247B /* Release */,
				4CA0906212474ACE00E6A4FD /* Distribution */,
			);
			defaultConfigurationIsVisible = 0;
			defaultConfigurationName = Release;
		};
/* End XCConfigurationList section */
	};
	rootObject = 29B97313FDCFA39411CA2CEA /* Project object */;
}
